
Microsoft Visual Studio Solution File, Format Version 12.00
# Visual Studio Version 17
VisualStudioVersion = 17.6.33815.320
MinimumVisualStudioVersion = 10.0.40219.1
Project("{9A19103F-16F7-4668-BE54-9A1E7A4F7556}") = "ShareLib", "ShareLib\ShareLib.csproj", "{70D7CBF0-B609-496A-8CB1-E03692ADB2D9}"
EndProject
Project("{9A19103F-16F7-4668-BE54-9A1E7A4F7556}") = "Reservation.Domain", "Reservation.Domain\Reservation.Domain.csproj", "{54C5EFA9-4A86-4AA0-866C-EDB659B335E2}"
EndProject
Project("{9A19103F-16F7-4668-BE54-9A1E7A4F7556}") = "TestProject1", "TestProject1\TestProject1.csproj", "{AF679ACE-DBBF-493B-A6E3-B804FA616AB6}"
EndProject
Project("{9A19103F-16F7-4668-BE54-9A1E7A4F7556}") = "Reservation.Infrastructure", "Reservation.Infrastructure\Reservation.Infrastructure.csproj", "{E3CBC923-E992-4119-AB1D-5D782E136B36}"
EndProject
Project("{9A19103F-16F7-4668-BE54-9A1E7A4F7556}") = "Reservation.WebApi", "Reservation.WebApi\Reservation.WebApi.csproj", "{135B5BAE-E01E-4981-8704-32F09D4A2A24}"
EndProject
Project("{FAE04EC0-301F-11D3-BF4B-00C04F79EFBC}") = "Reservation.Application", "Reservation.Application\Reservation.Application.csproj", "{79900ADE-8531-4D6C-9601-946703F0C40C}"
EndProject
Global
	GlobalSection(SolutionConfigurationPlatforms) = preSolution
		Debug|Any CPU = Debug|Any CPU
		Release|Any CPU = Release|Any CPU
	EndGlobalSection
	GlobalSection(ProjectConfigurationPlatforms) = postSolution
		{70D7CBF0-B609-496A-8CB1-E03692ADB2D9}.Debug|Any CPU.ActiveCfg = Debug|Any CPU
		{70D7CBF0-B609-496A-8CB1-E03692ADB2D9}.Debug|Any CPU.Build.0 = Debug|Any CPU
		{70D7CBF0-B609-496A-8CB1-E03692ADB2D9}.Release|Any CPU.ActiveCfg = Release|Any CPU
		{70D7CBF0-B609-496A-8CB1-E03692ADB2D9}.Release|Any CPU.Build.0 = Release|Any CPU
		{54C5EFA9-4A86-4AA0-866C-EDB659B335E2}.Debug|Any CPU.ActiveCfg = Debug|Any CPU
		{54C5EFA9-4A86-4AA0-866C-EDB659B335E2}.Debug|Any CPU.Build.0 = Debug|Any CPU
		{54C5EFA9-4A86-4AA0-866C-EDB659B335E2}.Release|Any CPU.ActiveCfg = Release|Any CPU
		{54C5EFA9-4A86-4AA0-866C-EDB659B335E2}.Release|Any CPU.Build.0 = Release|Any CPU
		{AF679ACE-DBBF-493B-A6E3-B804FA616AB6}.Debug|Any CPU.ActiveCfg = Debug|Any CPU
		{AF679ACE-DBBF-493B-A6E3-B804FA616AB6}.Debug|Any CPU.Build.0 = Debug|Any CPU
		{AF679ACE-DBBF-493B-A6E3-B804FA616AB6}.Release|Any CPU.ActiveCfg = Release|Any CPU
		{AF679ACE-DBBF-493B-A6E3-B804FA616AB6}.Release|Any CPU.Build.0 = Release|Any CPU
		{E3CBC923-E992-4119-AB1D-5D782E136B36}.Debug|Any CPU.ActiveCfg = Debug|Any CPU
		{E3CBC923-E992-4119-AB1D-5D782E136B36}.Debug|Any CPU.Build.0 = Debug|Any CPU
		{E3CBC923-E992-4119-AB1D-5D782E136B36}.Release|Any CPU.ActiveCfg = Release|Any CPU
		{E3CBC923-E992-4119-AB1D-5D782E136B36}.Release|Any CPU.Build.0 = Release|Any CPU
		{135B5BAE-E01E-4981-8704-32F09D4A2A24}.Debug|Any CPU.ActiveCfg = Debug|Any CPU
		{135B5BAE-E01E-4981-8704-32F09D4A2A24}.Debug|Any CPU.Build.0 = Debug|Any CPU
		{135B5BAE-E01E-4981-8704-32F09D4A2A24}.Release|Any CPU.ActiveCfg = Release|Any CPU
		{135B5BAE-E01E-4981-8704-32F09D4A2A24}.Release|Any CPU.Build.0 = Release|Any CPU
		{79900ADE-8531-4D6C-9601-946703F0C40C}.Debug|Any CPU.ActiveCfg = Debug|Any CPU
		{79900ADE-8531-4D6C-9601-946703F0C40C}.Debug|Any CPU.Build.0 = Debug|Any CPU
		{79900ADE-8531-4D6C-9601-946703F0C40C}.Release|Any CPU.ActiveCfg = Release|Any CPU
		{79900ADE-8531-4D6C-9601-946703F0C40C}.Release|Any CPU.Build.0 = Release|Any CPU
	EndGlobalSection
	GlobalSection(SolutionProperties) = preSolution
		HideSolutionNode = FALSE
	EndGlobalSection
	GlobalSection(ExtensibilityGlobals) = postSolution
		SolutionGuid = {CBC7EE48-4D34-48BB-AE6A-C9A6A93B3E5A}
	EndGlobalSection
EndGlobal
